
Microsoft Visual Studio Solution File, Format Version 12.00
# Visual Studio Version 16
VisualStudioVersion = 16.0.31313.79
MinimumVisualStudioVersion = 10.0.40219.1
Project("{FAE04EC0-301F-11D3-BF4B-00C04F79EFBC}") = "Flowchart.Resolver", "Flowchart.Resolver\Flowchart.Resolver.csproj", "{A44D4448-ABF3-461D-9524-C347B5186572}"
EndProject
Project("{FAE04EC0-301F-11D3-BF4B-00C04F79EFBC}") = "Console.Example", "Console.Example\Console.Example.csproj", "{644028E7-D8C6-4F8C-9C02-2D90A8C523F3}"
EndProject
Global
	GlobalSection(SolutionConfigurationPlatforms) = preSolution
		Debug|Any CPU = Debug|Any CPU
		Release|Any CPU = Release|Any CPU
	EndGlobalSection
	GlobalSection(ProjectConfigurationPlatforms) = postSolution
		{A44D4448-ABF3-461D-9524-C347B5186572}.Debug|Any CPU.ActiveCfg = Debug|Any CPU
		{A44D4448-ABF3-461D-9524-C347B5186572}.Debug|Any CPU.Build.0 = Debug|Any CPU
		{A44D4448-ABF3-461D-9524-C347B5186572}.Release|Any CPU.ActiveCfg = Release|Any CPU
		{A44D4448-ABF3-461D-9524-C347B5186572}.Release|Any CPU.Build.0 = Release|Any CPU
		{644028E7-D8C6-4F8C-9C02-2D90A8C523F3}.Debug|Any CPU.ActiveCfg = Debug|Any CPU
		{644028E7-D8C6-4F8C-9C02-2D90A8C523F3}.Debug|Any CPU.Build.0 = Debug|Any CPU
		{644028E7-D8C6-4F8C-9C02-2D90A8C523F3}.Release|Any CPU.ActiveCfg = Release|Any CPU
		{644028E7-D8C6-4F8C-9C02-2D90A8C523F3}.Release|Any CPU.Build.0 = Release|Any CPU
	EndGlobalSection
	GlobalSection(SolutionProperties) = preSolution
		HideSolutionNode = FALSE
	EndGlobalSection
	GlobalSection(ExtensibilityGlobals) = postSolution
		SolutionGuid = {3D0E1DA0-5B14-48B7-A009-62AB3A0B4E36}
	EndGlobalSection
EndGlobal
